lockfileVersion: "9.0"

settings:
  autoInstallPeers: true
  excludeLinksFromLockfile: false

importers:
  .:
    dependencies:
      "@clack/prompts":
        specifier: ^0.10.0
        version: 0.10.0
      cross-spawn:
        specifier: ^7.0.6
        version: 7.0.6
      minimist:
        specifier: ^1.2.8
        version: 1.2.8
      picocolors:
        specifier: ^1.1.1
        version: 1.1.1
    devDependencies:
      "@types/node":
        specifier: ^22.13.10
        version: 22.13.10

packages:
  "@clack/core@0.4.1":
    resolution: {
      integrity: sha512-Pxhij4UXg8KSr7rPek6Zowm+5M22rbd2g1nfojHJkxp5YkFqiZ2+YLEM/XGVIzvGOcM0nqjIFxrpDwWRZYWYjA==,
    }

  "@clack/prompts@0.10.0":
    resolution: {
      integrity: sha512-H3rCl6CwW1NdQt9rE3n373t7o5cthPv7yUoxF2ytZvyvlJv89C5RYMJu83Hed8ODgys5vpBU0GKxIRG83jd8NQ==,
    }

  "@types/node@22.13.10":
    resolution: {
      integrity: sha512-I6LPUvlRH+O6VRUqYOcMudhaIdUVWfsjnZavnsraHvpBwaEyMN29ry+0UVJhImYL16xsscu0aske3yA+uPOWfw==,
    }

  cross-spawn@7.0.6:
    resolution: {
      integrity: sha512-uV2QOWP2nWzsy2aMp8aRibhi9dlzF5Hgh5SHaB9OiTGEyDTiJJyx0uy51QXdyWbtAHNua4XJzUKca3OzKUd3vA==,
    }
    engines: { node: ">= 8" }

  isexe@2.0.0:
    resolution: {
      integrity: sha512-RHxMLp9lnKHGHRng9QFhRCMbYAcVpn69smSGcq3f36xjgVVWThj4qqLbTLlq7Ssj8B+fIQ1EuCEGI2lKsyQeIw==,
    }

  minimist@1.2.8:
    resolution: {
      integrity: sha512-2yyAR8qBkN3YuheJanUpWC5U3bb5osDywNB8RzDVlDwDHbocAJveqqj1u8+SVD7jkWT4yvsHCpWqqWqAxb0zCA==,
    }

  path-key@3.1.1:
    resolution: {
      integrity: sha512-ojmeN0qd+y0jszEtoY48r0Peq5dwMEkIlCOu6Q5f41lfkswXuKtYrhgoTpLnyIcHm24Uhqx+5Tqm2InSwLhE6Q==,
    }
    engines: { node: ">=8" }

  picocolors@1.1.1:
    resolution: {
      integrity: sha512-xceH2snhtb5M9liqDsmEw56le376mTZkEX/jEb/RxNFyegNul7eNslCXP9FDj/Lcu0X8KEyMceP2ntpaHrDEVA==,
    }

  shebang-command@2.0.0:
    resolution: {
      integrity: sha512-kHxr2zZpYtdmrN1qDjrrX/Z1rR1kG8Dx+gkpK1G4eXmvXswmcE1hTWBWYUzlraYw1/yZp6YuDY77YtvbN0dmDA==,
    }
    engines: { node: ">=8" }

  shebang-regex@3.0.0:
    resolution: {
      integrity: sha512-7++dFhtcx3353uBaq8DDR4NuxBetBzC7ZQOhmTQInHEd6bSrXdiEyzCvG07Z44UYdLShWUyXt5M/yhz8ekcb1A==,
    }
    engines: { node: ">=8" }

  sisteransi@1.0.5:
    resolution: {
      integrity: sha512-bLGGlR1QxBcynn2d5YmDX4MGjlZvy2MRBDRNHLJ8VI6l6+9FUiyTFNJ0IveOSP0bcXgVDPRcfGqA0pjaqUpfVg==,
    }

  undici-types@6.20.0:
    resolution: {
      integrity: sha512-Ny6QZ2Nju20vw1SRHe3d9jVu6gJ+4e3+MMpqu7pqE5HT6WsTSlce++GQmK5UXS8mzV8DSYHrQH+Xrf2jVcuKNg==,
    }

  which@2.0.2:
    resolution: {
      integrity: sha512-BLI3Tl1TW3Pvl70l3yq3Y64i+awpwXqsGBYWkkqMtnbXgrMD+yj7rhW0kuEDxzJaYXGjEW5ogapKNMEKNMjibA==,
    }
    engines: { node: ">= 8" }
    hasBin: true

snapshots:
  "@clack/core@0.4.1":
    dependencies:
      picocolors: 1.1.1
      sisteransi: 1.0.5

  "@clack/prompts@0.10.0":
    dependencies:
      "@clack/core": 0.4.1
      picocolors: 1.1.1
      sisteransi: 1.0.5

  "@types/node@22.13.10":
    dependencies:
      undici-types: 6.20.0

  cross-spawn@7.0.6:
    dependencies:
      path-key: 3.1.1
      shebang-command: 2.0.0
      which: 2.0.2

  isexe@2.0.0: {}

  minimist@1.2.8: {}

  path-key@3.1.1: {}

  picocolors@1.1.1: {}

  shebang-command@2.0.0:
    dependencies:
      shebang-regex: 3.0.0

  shebang-regex@3.0.0: {}

  sisteransi@1.0.5: {}

  undici-types@6.20.0: {}

  which@2.0.2:
    dependencies:
      isexe: 2.0.0
